
Microsoft Visual Studio Solution File, Format Version 12.00
# Visual Studio Version 16
VisualStudioVersion = 16.0.31105.61
MinimumVisualStudioVersion = 10.0.40219.1
Project("{9A19103F-16F7-4668-BE54-9A1E7A4F7556}") = "Entities", "Entities\Entities.csproj", "{AED358FB-E548-4BE0-8798-2C98C4E5D417}"
EndProject
Project("{9A19103F-16F7-4668-BE54-9A1E7A4F7556}") = "Business", "Business\Business.csproj", "{DE31F29A-9116-478A-91D7-7302111B4854}"
EndProject
Project("{9A19103F-16F7-4668-BE54-9A1E7A4F7556}") = "DataAccess", "DataAccess\DataAccess.csproj", "{0ACD9B27-AE2F-4F1F-BDD5-89D49C1F9C12}"
EndProject
Project("{FAE04EC0-301F-11D3-BF4B-00C04F79EFBC}") = "ConsoleIU", "ConsoleIU\ConsoleIU.csproj", "{BF0FF277-FD6C-400F-9EE2-9C4DC68E657B}"
EndProject
Global
	GlobalSection(SolutionConfigurationPlatforms) = preSolution
		Debug|Any CPU = Debug|Any CPU
		Release|Any CPU = Release|Any CPU
	EndGlobalSection
	GlobalSection(ProjectConfigurationPlatforms) = postSolution
		{AED358FB-E548-4BE0-8798-2C98C4E5D417}.Debug|Any CPU.ActiveCfg = Debug|Any CPU
		{AED358FB-E548-4BE0-8798-2C98C4E5D417}.Debug|Any CPU.Build.0 = Debug|Any CPU
		{AED358FB-E548-4BE0-8798-2C98C4E5D417}.Release|Any CPU.ActiveCfg = Release|Any CPU
		{AED358FB-E548-4BE0-8798-2C98C4E5D417}.Release|Any CPU.Build.0 = Release|Any CPU
		{DE31F29A-9116-478A-91D7-7302111B4854}.Debug|Any CPU.ActiveCfg = Debug|Any CPU
		{DE31F29A-9116-478A-91D7-7302111B4854}.Debug|Any CPU.Build.0 = Debug|Any CPU
		{DE31F29A-9116-478A-91D7-7302111B4854}.Release|Any CPU.ActiveCfg = Release|Any CPU
		{DE31F29A-9116-478A-91D7-7302111B4854}.Release|Any CPU.Build.0 = Release|Any CPU
		{0ACD9B27-AE2F-4F1F-BDD5-89D49C1F9C12}.Debug|Any CPU.ActiveCfg = Debug|Any CPU
		{0ACD9B27-AE2F-4F1F-BDD5-89D49C1F9C12}.Debug|Any CPU.Build.0 = Debug|Any CPU
		{0ACD9B27-AE2F-4F1F-BDD5-89D49C1F9C12}.Release|Any CPU.ActiveCfg = Release|Any CPU
		{0ACD9B27-AE2F-4F1F-BDD5-89D49C1F9C12}.Release|Any CPU.Build.0 = Release|Any CPU
		{BF0FF277-FD6C-400F-9EE2-9C4DC68E657B}.Debug|Any CPU.ActiveCfg = Debug|Any CPU
		{BF0FF277-FD6C-400F-9EE2-9C4DC68E657B}.Debug|Any CPU.Build.0 = Debug|Any CPU
		{BF0FF277-FD6C-400F-9EE2-9C4DC68E657B}.Release|Any CPU.ActiveCfg = Release|Any CPU
		{BF0FF277-FD6C-400F-9EE2-9C4DC68E657B}.Release|Any CPU.Build.0 = Release|Any CPU
	EndGlobalSection
	GlobalSection(SolutionProperties) = preSolution
		HideSolutionNode = FALSE
	EndGlobalSection
	GlobalSection(ExtensibilityGlobals) = postSolution
		SolutionGuid = {76432CEF-2C0F-4946-B0A2-A9452AC7F9B8}
	EndGlobalSection
EndGlobal
